
Microsoft Visual Studio Solution File, Format Version 12.00
# Visual Studio Version 17
VisualStudioVersion = 17.14.36203.30 d17.14
MinimumVisualStudioVersion = 10.0.40219.1
Project("{FAE04EC0-301F-11D3-BF4B-00C04F79EFBC}") = "PeopleApp", "PeopleApp.csproj", "{3A69D388-74C6-4F63-AC9A-60423141DA67}"
EndProject
Global
	GlobalSection(SolutionConfigurationPlatforms) = preSolution
		Debug|Any CPU = Debug|Any CPU
		Release|Any CPU = Release|Any CPU
	EndGlobalSection
	GlobalSection(ProjectConfigurationPlatforms) = postSolution
		{3A69D388-74C6-4F63-AC9A-60423141DA67}.Debug|Any CPU.ActiveCfg = Debug|Any CPU
		{3A69D388-74C6-4F63-AC9A-60423141DA67}.Debug|Any CPU.Build.0 = Debug|Any CPU
		{3A69D388-74C6-4F63-AC9A-60423141DA67}.Release|Any CPU.ActiveCfg = Release|Any CPU
		{3A69D388-74C6-4F63-AC9A-60423141DA67}.Release|Any CPU.Build.0 = Release|Any CPU
	EndGlobalSection
	GlobalSection(SolutionProperties) = preSolution
		HideSolutionNode = FALSE
	EndGlobalSection
	GlobalSection(ExtensibilityGlobals) = postSolution
		SolutionGuid = {BF27461B-B83E-4D31-A314-2988233B3E8E}
	EndGlobalSection
EndGlobal
